// !$*UTF8*$!
{
	archiveVersion = 1;
	classes = {
	};
	objectVersion = 46;
	objects = {

/* Begin PBXBuildFile section */
		064311B41EF7CD2E00FC55A7 /* AppDelegate.swift in Sources */ = {isa = PBXBuildFile; fileRef = 064311B31EF7CD2E00FC55A7 /* AppDelegate.swift */; };
		064311B61EF7CD2E00FC55A7 /* ViewController.swift in Sources */ = {isa = PBXBuildFile; fileRef = 064311B51EF7CD2E00FC55A7 /* ViewController.swift */; };
		064311B91EF7CD2E00FC55A7 /* Main.storyboard in Resources */ = {isa = PBXBuildFile; fileRef = 064311B71EF7CD2E00FC55A7 /* Main.storyboard */; };
		064311BB1EF7CD2E00FC55A7 /* Assets.xcassets in Resources */ = {isa = PBXBuildFile; fileRef = 064311BA1EF7CD2E00FC55A7 /* Assets.xcassets */; };
		064311BE1EF7CD2E00FC55A7 /* LaunchScreen.storyboard in Resources */ = {isa = PBXBuildFile; fileRef = 064311BC1EF7CD2E00FC55A7 /* LaunchScreen.storyboard */; };
		064311C61EF7CEDE00FC55A7 /* Dimensions.swift in Sources */ = {isa = PBXBuildFile; fileRef = 064311C51EF7CEDE00FC55A7 /* Dimensions.swift */; };
		064311C81EF7CF4400FC55A7 /* Board.swift in Sources */ = {isa = PBXBuildFile; fileRef = 064311C71EF7CF4400FC55A7 /* Board.swift */; };
		064311CA1EF7F3F800FC55A7 /* GameState.swift in Sources */ = {isa = PBXBuildFile; fileRef = 064311C91EF7F3F800FC55A7 /* GameState.swift */; };
		064311CC1EF7FFB700FC55A7 /* Figure.swift in Sources */ = {isa = PBXBuildFile; fileRef = 064311CB1EF7FFB700FC55A7 /* Figure.swift */; };
/* End PBXBuildFile section */

/* Begin PBXFileReference section */
		064311B01EF7CD2E00FC55A7 /* crappyTTT.app */ = {isa = PBXFileReference; explicitFileType = wrapper.application; includeInIndex = 0; path = crappyTTT.app; sourceTree = BUILT_PRODUCTS_DIR; };
		064311B31EF7CD2E00FC55A7 /* AppDelegate.swift */ = {isa = PBXFileReference; lastKnownFileType = sourcecode.swift; path = AppDelegate.swift; sourceTree = "<group>"; };
		064311B51EF7CD2E00FC55A7 /* ViewController.swift */ = {isa = PBXFileReference; lastKnownFileType = sourcecode.swift; path = ViewController.swift; sourceTree = "<group>"; };
		064311B81EF7CD2E00FC55A7 /* Base */ = {isa = PBXFileReference; lastKnownFileType = file.storyboard; name = Base; path = Base.lproj/Main.storyboard; sourceTree = "<group>"; };
		064311BA1EF7CD2E00FC55A7 /* Assets.xcassets */ = {isa = PBXFileReference; lastKnownFileType = folder.assetcatalog; path = Assets.xcassets; sourceTree = "<group>"; };
		064311BD1EF7CD2E00FC55A7 /* Base */ = {isa = PBXFileReference; lastKnownFileType = file.storyboard; name = Base; path = Base.lproj/LaunchScreen.storyboard; sourceTree = "<group>"; };
		064311BF1EF7CD2E00FC55A7 /* Info.plist */ = {isa = PBXFileReference; lastKnownFileType = text.plist.xml; path = Info.plist; sourceTree = "<group>"; };
		064311C51EF7CEDE00FC55A7 /* Dimensions.swift */ = {isa = PBXFileReference; fileEncoding = 4; lastKnownFileType = sourcecode.swift; path = Dimensions.swift; sourceTree = "<group>"; };
		064311C71EF7CF4400FC55A7 /* Board.swift */ = {isa = PBXFileReference; fileEncoding = 4; lastKnownFileType = sourcecode.swift; path = Board.swift; sourceTree = "<group>"; };
		064311C91EF7F3F800FC55A7 /* GameState.swift */ = {isa = PBXFileReference; fileEncoding = 4; lastKnownFileType = sourcecode.swift; path = GameState.swift; sourceTree = "<group>"; };
		064311CB1EF7FFB700FC55A7 /* Figure.swift */ = {isa = PBXFileReference; fileEncoding = 4; lastKnownFileType = sourcecode.swift; path = Figure.swift; sourceTree = "<group>"; };
/* End PBXFileReference section */

/* Begin PBXFrameworksBuildPhase section */
		064311AD1EF7CD2E00FC55A7 /* Frameworks */ = {
			isa = PBXFrameworksBuildPhase;
			buildActionMask = 2147483647;
			files = (
			);
			runOnlyForDeploymentPostprocessing = 0;
		};
/* End PBXFrameworksBuildPhase section */

/* Begin PBXGroup section */
		064311A71EF7CD2E00FC55A7 = {
			isa = PBXGroup;
			children = (
				064311B21EF7CD2E00FC55A7 /* crappyTTT */,
				064311B11EF7CD2E00FC55A7 /* Products */,
			);
			sourceTree = "<group>";
		};
		064311B11EF7CD2E00FC55A7 /* Products */ = {
			isa = PBXGroup;
			children = (
				064311B01EF7CD2E00FC55A7 /* crappyTTT.app */,
			);
			name = Products;
			sourceTree = "<group>";
		};
		064311B21EF7CD2E00FC55A7 /* crappyTTT */ = {
			isa = PBXGroup;
			children = (
				064311B31EF7CD2E00FC55A7 /* AppDelegate.swift */,
				064311B51EF7CD2E00FC55A7 /* ViewController.swift */,
				064311B71EF7CD2E00FC55A7 /* Main.storyboard */,
				064311BA1EF7CD2E00FC55A7 /* Assets.xcassets */,
				064311BC1EF7CD2E00FC55A7 /* LaunchScreen.storyboard */,
				064311BF1EF7CD2E00FC55A7 /* Info.plist */,
				064311C51EF7CEDE00FC55A7 /* Dimensions.swift */,
				064311C71EF7CF4400FC55A7 /* Board.swift */,
				064311C91EF7F3F800FC55A7 /* GameState.swift */,
				064311CB1EF7FFB700FC55A7 /* Figure.swift */,
			);
			path = crappyTTT;
			sourceTree = "<group>";
		};
/* End PBXGroup section */

/* Begin PBXNativeTarget section */
		064311AF1EF7CD2E00FC55A7 /* crappyTTT */ = {
			isa = PBXNativeTarget;
			buildConfigurationList = 064311C21EF7CD2E00FC55A7 /* Build configuration list for PBXNativeTarget "crappyTTT" */;
			buildPhases = (
				064311AC1EF7CD2E00FC55A7 /* Sources */,
				064311AD1EF7CD2E00FC55A7 /* Frameworks */,
				064311AE1EF7CD2E00FC55A7 /* Resources */,
			);
			buildRules = (
			);
			dependencies = (
			);
			name = crappyTTT;
			productName = crappyTTT;
			productReference = 064311B01EF7CD2E00FC55A7 /* crappyTTT.app */;
			productType = "com.apple.product-type.application";
		};
/* End PBXNativeTarget section */

/* Begin PBXProject section */
		064311A81EF7CD2E00FC55A7 /* Project object */ = {
			isa = PBXProject;
			attributes = {
				LastSwiftUpdateCheck = 0830;
				LastUpgradeCheck = 0900;
				ORGANIZATIONNAME = "Bjarne Møller Lundgren";
				TargetAttributes = {
					064311AF1EF7CD2E00FC55A7 = {
						CreatedOnToolsVersion = 8.3.3;
						DevelopmentTeam = VNDCA2WGWF;
						LastSwiftMigration = 0900;
						ProvisioningStyle = Automatic;
					};
				};
			};
			buildConfigurationList = 064311AB1EF7CD2E00FC55A7 /* Build configuration list for PBXProject "crappyTTT" */;
			compatibilityVersion = "Xcode 3.2";
			developmentRegion = English;
			hasScannedForEncodings = 0;
			knownRegions = (
				en,
				Base,
			);
			mainGroup = 064311A71EF7CD2E00FC55A7;
			productRefGroup = 064311B11EF7CD2E00FC55A7 /* Products */;
			projectDirPath = "";
			projectRoot = "";
			targets = (
				064311AF1EF7CD2E00FC55A7 /* crappyTTT */,
			);
		};
/* End PBXProject section */

/* Begin PBXResourcesBuildPhase section */
		064311AE1EF7CD2E00FC55A7 /* Resources */ = {
			isa = PBXResourcesBuildPhase;
			buildActionMask = 2147483647;
			files = (
				064311BE1EF7CD2E00FC55A7 /* LaunchScreen.storyboard in Resources */,
				064311BB1EF7CD2E00FC55A7 /* Assets.xcassets in Resources */,
				064311B91EF7CD2E00FC55A7 /* Main.storyboard in Resources */,
			);
			runOnlyForDeploymentPostprocessing = 0;
		};
/* End PBXResourcesBuildPhase section */

/* Begin PBXSourcesBuildPhase section */
		064311AC1EF7CD2E00FC55A7 /* Sources */ = {
			isa = PBXSourcesBuildPhase;
			buildActionMask = 2147483647;
			files = (
				064311B61EF7CD2E00FC55A7 /* ViewController.swift in Sources */,
				064311B41EF7CD2E00FC55A7 /* AppDelegate.swift in Sources */,
				064311CA1EF7F3F800FC55A7 /* GameState.swift in Sources */,
				064311C81EF7CF4400FC55A7 /* Board.swift in Sources */,
				064311C61EF7CEDE00FC55A7 /* Dimensions.swift in Sources */,
				064311CC1EF7FFB700FC55A7 /* Figure.swift in Sources */,
			);
			runOnlyForDeploymentPostprocessing = 0;
		};
/* End PBXSourcesBuildPhase section */

/* Begin PBXVariantGroup section */
		064311B71EF7CD2E00FC55A7 /* Main.storyboard */ = {
			isa = PBXVariantGroup;
			children = (
				064311B81EF7CD2E00FC55A7 /* Base */,
			);
			name = Main.storyboard;
			sourceTree = "<group>";
		};
		064311BC1EF7CD2E00FC55A7 /* LaunchScreen.storyboard */ = {
			isa = PBXVariantGroup;
			children = (
				064311BD1EF7CD2E00FC55A7 /* Base */,
			);
			name = LaunchScreen.storyboard;
			sourceTree = "<group>";
		};
/* End PBXVariantGroup section */

/* Begin XCBuildConfiguration section */
		064311C01EF7CD2E00FC55A7 /* Debug */ = {
			isa = XCBuildConfiguration;
			buildSettings = {
				ALWAYS_SEARCH_USER_PATHS = NO;
				CLANG_ANALYZER_NONNULL = YES;
				CLANG_ANALYZER_NUMBER_OBJECT_CONVERSION = YES_AGGRESSIVE;
				CLANG_CXX_LANGUAGE_STANDARD = "gnu++0x";
				CLANG_CXX_LIBRARY = "libc++";
				CLANG_ENABLE_MODULES = YES;
				CLANG_ENABLE_OBJC_ARC = YES;
				CLANG_WARN_BLOCK_CAPTURE_AUTORELEASING = YES;
				CLANG_WARN_BOOL_CONVERSION = YES;
				CLANG_WARN_COMMA = YES;
				CLANG_WARN_CONSTANT_CONVERSION = YES;
				CLANG_WARN_DIRECT_OBJC_ISA_USAGE = YES_ERROR;
				CLANG_WARN_DOCUMENTATION_COMMENTS = YES;
				CLANG_WARN_EMPTY_BODY = YES;
				CLANG_WARN_ENUM_CONVERSION = YES;
				CLANG_WARN_INFINITE_RECURSION = YES;
				CLANG_WARN_INT_CONVERSION = YES;
				CLANG_WARN_NON_LITERAL_NULL_CONVERSION = YES;
				CLANG_WARN_OBJC_LITERAL_CONVERSION = YES;
				CLANG_WARN_OBJC_ROOT_CLASS = YES_ERROR;
				CLANG_WARN_RANGE_LOOP_ANALYSIS = YES;
				CLANG_WARN_STRICT_PROTOTYPES = YES;
				CLANG_WARN_SUSPICIOUS_MOVE = YES;
				CLANG_WARN_UNREACHABLE_CODE = YES;
				CLANG_WARN__DUPLICATE_METHOD_MATCH = YES;
				"CODE_SIGN_IDENTITY[sdk=iphoneos*]" = "iPhone Developer";
				COPY_PHASE_STRIP = NO;
				DEBUG_INFORMATION_FORMAT = dwarf;
				ENABLE_STRICT_OBJC_MSGSEND = YES;
				ENABLE_TESTABILITY = YES;
				GCC_C_LANGUAGE_STANDARD = gnu99;
				GCC_DYNAMIC_NO_PIC = NO;
				GCC_NO_COMMON_BLOCKS = YES;
				GCC_OPTIMIZATION_LEVEL = 0;
				GCC_PREPROCESSOR_DEFINITIONS = (
					"DEBUG=1",
					"$(inherited)",
				);
				GCC_WARN_64_TO_32_BIT_CONVERSION = YES;
				GCC_WARN_ABOUT_RETURN_TYPE = YES_ERROR;
				GCC_WARN_UNDECLARED_SELECTOR = YES;
				GCC_WARN_UNINITIALIZED_AUTOS = YES_AGGRESSIVE;
				GCC_WARN_UNUSED_FUNCTION = YES;
				GCC_WARN_UNUSED_VARIABLE = YES;
				IPHONEOS_DEPLOYMENT_TARGET = 10.3;
				MTL_ENABLE_DEBUG_INFO = YES;
				ONLY_ACTIVE_ARCH = YES;
				SDKROOT = iphoneos;
				SWIFT_ACTIVE_COMPILATION_CONDITIONS = DEBUG;
				SWIFT_OPTIMIZATION_LEVEL = "-Onone";
				TARGETED_DEVICE_FAMILY = "1,2";
			};
			name = Debug;
		};
		064311C11EF7CD2E00FC55A7 /* Release */ = {
			isa = XCBuildConfiguration;
			buildSettings = {
				ALWAYS_SEARCH_USER_PATHS = NO;
				CLANG_ANALYZER_NONNULL = YES;
				CLANG_ANALYZER_NUMBER_OBJECT_CONVERSION = YES_AGGRESSIVE;
				CLANG_CXX_LANGUAGE_STANDARD = "gnu++0x";
				CLANG_CXX_LIBRARY = "libc++";
				CLANG_ENABLE_MODULES = YES;
				CLANG_ENABLE_OBJC_ARC = YES;
				CLANG_WARN_BLOCK_CAPTURE_AUTORELEASING = YES;
				CLANG_WARN_BOOL_CONVERSION = YES;
				CLANG_WARN_COMMA = YES;
				CLANG_WARN_CONSTANT_CONVERSION = YES;
				CLANG_WARN_DIRECT_OBJC_ISA_USAGE = YES_ERROR;
				CLANG_WARN_DOCUMENTATION_COMMENTS = YES;
				CLANG_WARN_EMPTY_BODY = YES;
				CLANG_WARN_ENUM_CONVERSION = YES;
				CLANG_WARN_INFINITE_RECURSION = YES;
				CLANG_WARN_INT_CONVERSION = YES;
				CLANG_WARN_NON_LITERAL_NULL_CONVERSION = YES;
				CLANG_WARN_OBJC_LITERAL_CONVERSION = YES;
				CLANG_WARN_OBJC_ROOT_CLASS = YES_ERROR;
				CLANG_WARN_RANGE_LOOP_ANALYSIS = YES;
				CLANG_WARN_STRICT_PROTOTYPES = YES;
				CLANG_WARN_SUSPICIOUS_MOVE = YES;
				CLANG_WARN_UNREACHABLE_CODE = YES;
				CLANG_WARN__DUPLICATE_METHOD_MATCH = YES;
				"CODE_SIGN_IDENTITY[sdk=iphoneos*]" = "iPhone Developer";
				COPY_PHASE_STRIP = NO;
				DEBUG_INFORMATION_FORMAT = "dwarf-with-dsym";
				ENABLE_NS_ASSERTIONS = NO;
				ENABLE_STRICT_OBJC_MSGSEND = YES;
				GCC_C_LANGUAGE_STANDARD = gnu99;
				GCC_NO_COMMON_BLOCKS = YES;
				GCC_WARN_64_TO_32_BIT_CONVERSION = YES;
				GCC_WARN_ABOUT_RETURN_TYPE = YES_ERROR;
				GCC_WARN_UNDECLARED_SELECTOR = YES;
				GCC_WARN_UNINITIALIZED_AUTOS = YES_AGGRESSIVE;
				GCC_WARN_UNUSED_FUNCTION = YES;
				GCC_WARN_UNUSED_VARIABLE = YES;
				IPHONEOS_DEPLOYMENT_TARGET = 10.3;
				MTL_ENABLE_DEBUG_INFO = NO;
				SDKROOT = iphoneos;
				SWIFT_OPTIMIZATION_LEVEL = "-Owholemodule";
				TARGETED_DEVICE_FAMILY = "1,2";
				VALIDATE_PRODUCT = YES;
			};
			name = Release;
		};
		064311C31EF7CD2E00FC55A7 /* Debug */ = {
			isa = XCBuildConfiguration;
			buildSettings = {
				ASSETCATALOG_COMPILER_APPICON_NAME = AppIcon;
				DEVELOPMENT_TEAM = VNDCA2WGWF;
				INFOPLIST_FILE = crappyTTT/Info.plist;
				IPHONEOS_DEPLOYMENT_TARGET = 11.0;
				LD_RUNPATH_SEARCH_PATHS = "$(inherited) @executable_path/Frameworks";
				PRODUCT_BUNDLE_IDENTIFIER = dk.tv2.crappyTTT;
				PRODUCT_NAME = "$(TARGET_NAME)";
				SWIFT_SWIFT3_OBJC_INFERENCE = On;
				SWIFT_VERSION = 4.0;
			};
			name = Debug;
		};
		064311C41EF7CD2E00FC55A7 /* Release */ = {
			isa = XCBuildConfiguration;
			buildSettings = {
				ASSETCATALOG_COMPILER_APPICON_NAME = AppIcon;
				DEVELOPMENT_TEAM = VNDCA2WGWF;
				INFOPLIST_FILE = crappyTTT/Info.plist;
				IPHONEOS_DEPLOYMENT_TARGET = 11.0;
				LD_RUNPATH_SEARCH_PATHS = "$(inherited) @executable_path/Frameworks";
				PRODUCT_BUNDLE_IDENTIFIER = dk.tv2.crappyTTT;
				PRODUCT_NAME = "$(TARGET_NAME)";
				SWIFT_SWIFT3_OBJC_INFERENCE = On;
				SWIFT_VERSION = 4.0;
			};
			name = Release;
		};
/* End XCBuildConfiguration section */

/* Begin XCConfigurationList section */
		064311AB1EF7CD2E00FC55A7 /* Build configuration list for PBXProject "crappyTTT" */ = {
			isa = XCConfigurationList;
			buildConfigurations = (
				064311C01EF7CD2E00FC55A7 /* Debug */,
				064311C11EF7CD2E00FC55A7 /* Release */,
			);
			defaultConfigurationIsVisible = 0;
			defaultConfigurationName = Release;
		};
		064311C21EF7CD2E00FC55A7 /* Build configuration list for PBXNativeTarget "crappyTTT" */ = {
			isa = XCConfigurationList;
			buildConfigurations = (
				064311C31EF7CD2E00FC55A7 /* Debug */,
				064311C41EF7CD2E00FC55A7 /* Release */,
			);
			defaultConfigurationIsVisible = 0;
			defaultConfigurationName = Release;
		};
/* End XCConfigurationList section */
	};
	rootObject = 064311A81EF7CD2E00FC55A7 /* Project object */;
}
